
Microsoft Visual Studio Solution File, Format Version 12.00
# Visual Studio Version 17
VisualStudioVersion = 17.8.34330.188
MinimumVisualStudioVersion = 10.0.40219.1
Project("{FAE04EC0-301F-11D3-BF4B-00C04F79EFBC}") = "05_circle", "05_circle\05_circle.csproj", "{4DD2413D-8936-44D4-9242-AE45D7D83C89}"
EndProject
Global
	GlobalSection(SolutionConfigurationPlatforms) = preSolution
		Debug|Any CPU = Debug|Any CPU
		Release|Any CPU = Release|Any CPU
	EndGlobalSection
	GlobalSection(ProjectConfigurationPlatforms) = postSolution
		{4DD2413D-8936-44D4-9242-AE45D7D83C89}.Debug|Any CPU.ActiveCfg = Debug|Any CPU
		{4DD2413D-8936-44D4-9242-AE45D7D83C89}.Debug|Any CPU.Build.0 = Debug|Any CPU
		{4DD2413D-8936-44D4-9242-AE45D7D83C89}.Release|Any CPU.ActiveCfg = Release|Any CPU
		{4DD2413D-8936-44D4-9242-AE45D7D83C89}.Release|Any CPU.Build.0 = Release|Any CPU
	EndGlobalSection
	GlobalSection(SolutionProperties) = preSolution
		HideSolutionNode = FALSE
	EndGlobalSection
	GlobalSection(ExtensibilityGlobals) = postSolution
		SolutionGuid = {34A80EBB-2E0D-48F7-9332-ABB161ACE879}
	EndGlobalSection
EndGlobal
