
Microsoft Visual Studio Solution File, Format Version 12.00
# Visual Studio Version 17
VisualStudioVersion = 17.8.34330.188
MinimumVisualStudioVersion = 10.0.40219.1
Project("{FAE04EC0-301F-11D3-BF4B-00C04F79EFBC}") = "08_mutliplication_table", "08_mutliplication_table\08_mutliplication_table.csproj", "{981D8FFE-8625-4FB3-ACC7-9FCBE5147FFC}"
EndProject
Global
	GlobalSection(SolutionConfigurationPlatforms) = preSolution
		Debug|Any CPU = Debug|Any CPU
		Release|Any CPU = Release|Any CPU
	EndGlobalSection
	GlobalSection(ProjectConfigurationPlatforms) = postSolution
		{981D8FFE-8625-4FB3-ACC7-9FCBE5147FFC}.Debug|Any CPU.ActiveCfg = Debug|Any CPU
		{981D8FFE-8625-4FB3-ACC7-9FCBE5147FFC}.Debug|Any CPU.Build.0 = Debug|Any CPU
		{981D8FFE-8625-4FB3-ACC7-9FCBE5147FFC}.Release|Any CPU.ActiveCfg = Release|Any CPU
		{981D8FFE-8625-4FB3-ACC7-9FCBE5147FFC}.Release|Any CPU.Build.0 = Release|Any CPU
	EndGlobalSection
	GlobalSection(SolutionProperties) = preSolution
		HideSolutionNode = FALSE
	EndGlobalSection
	GlobalSection(ExtensibilityGlobals) = postSolution
		SolutionGuid = {91304D1B-339C-4C12-8479-1A0C6AD2B6F3}
	EndGlobalSection
EndGlobal
