
Microsoft Visual Studio Solution File, Format Version 12.00
# Visual Studio Version 17
VisualStudioVersion = 17.8.34330.188
MinimumVisualStudioVersion = 10.0.40219.1
Project("{FAE04EC0-301F-11D3-BF4B-00C04F79EFBC}") = "04_rectangle", "04_rectangle\04_rectangle.csproj", "{CCD90B86-6714-4F2A-9D0E-4949737D0081}"
EndProject
Global
	GlobalSection(SolutionConfigurationPlatforms) = preSolution
		Debug|Any CPU = Debug|Any CPU
		Release|Any CPU = Release|Any CPU
	EndGlobalSection
	GlobalSection(ProjectConfigurationPlatforms) = postSolution
		{CCD90B86-6714-4F2A-9D0E-4949737D0081}.Debug|Any CPU.ActiveCfg = Debug|Any CPU
		{CCD90B86-6714-4F2A-9D0E-4949737D0081}.Debug|Any CPU.Build.0 = Debug|Any CPU
		{CCD90B86-6714-4F2A-9D0E-4949737D0081}.Release|Any CPU.ActiveCfg = Release|Any CPU
		{CCD90B86-6714-4F2A-9D0E-4949737D0081}.Release|Any CPU.Build.0 = Release|Any CPU
	EndGlobalSection
	GlobalSection(SolutionProperties) = preSolution
		HideSolutionNode = FALSE
	EndGlobalSection
	GlobalSection(ExtensibilityGlobals) = postSolution
		SolutionGuid = {8CBA34AB-5014-41A5-B31D-A701391016D9}
	EndGlobalSection
EndGlobal
